{
  "nodes": {
    "blank": {
      "locked": {
        "lastModified": 1625557891,
        "narHash": "sha256-O8/MWsPBGhhyPoPLHZAuoZiiHo9q6FLlEeIDEXuj6T4=",
        "owner": "divnix",
        "repo": "blank",
        "rev": "5a5d2684073d9f563072ed07c871d577a6c614a8",
        "type": "github"
      },
      "original": {
        "owner": "divnix",
        "repo": "blank",
        "type": "github"
      }
    },
    "darwin": {
      "inputs": {
        "nixpkgs": [
          "digga",
          "nixpkgs"
        ]
      },
      "locked": {
        "lastModified": 1651916036,
        "narHash": "sha256-UuD9keUGm4IuVEV6wdSYbuRm7CwfXE63hVkzKDjVsh4=",
        "owner": "LnL7",
        "repo": "nix-darwin",
        "rev": "2f2bdf658d2b79bada78dc914af99c53cad37cba",
        "type": "github"
      },
      "original": {
        "owner": "LnL7",
        "repo": "nix-darwin",
        "type": "github"
      }
    },
    "deploy": {
      "inputs": {
        "flake-compat": "flake-compat",
        "nixpkgs": [
          "nixos"
        ],
        "utils": [
          "digga",
          "flake-utils-plus",
          "flake-utils"
        ]
      },
      "locked": {
        "lastModified": 1672327199,
        "narHash": "sha256-pFlngSHXKBhAmbaKZ4FYtu57LLunG+vWdL7a5vw1RvQ=",
        "owner": "serokell",
        "repo": "deploy-rs",
        "rev": "a5619f5660a00f58c2b7c16d89058e92327ac9b8",
        "type": "github"
      },
      "original": {
        "owner": "serokell",
        "repo": "deploy-rs",
        "type": "github"
      }
    },
    "devshell": {
      "inputs": {
        "flake-utils": "flake-utils",
        "nixpkgs": [
          "digga",
          "nixpkgs"
        ]
      },
      "locked": {
        "lastModified": 1655976588,
        "narHash": "sha256-VreHyH6ITkf/1EX/8h15UqhddJnUleb0HgbC3gMkAEQ=",
        "owner": "numtide",
        "repo": "devshell",
        "rev": "899ca4629020592a13a46783587f6e674179d1db",
        "type": "github"
      },
      "original": {
        "owner": "numtide",
        "repo": "devshell",
        "type": "github"
      }
    },
    "digga": {
      "inputs": {
        "blank": "blank",
        "darwin": "darwin",
        "deploy": [
          "deploy"
        ],
        "devshell": "devshell",
        "flake-compat": "flake-compat_2",
        "flake-utils-plus": "flake-utils-plus",
        "home-manager": [
          "home"
        ],
        "latest": "latest",
        "nixlib": [
          "nixos"
        ],
        "nixpkgs": [
          "nixos"
        ],
        "nixpkgs-unstable": "nixpkgs-unstable"
      },
      "locked": {
        "lastModified": 1659655260,
        "narHash": "sha256-ewEjGFjQf37ymcqBoO8q2SrvfKGgm8nW91NJ+0NQufw=",
        "owner": "divnix",
        "repo": "digga",
        "rev": "cdbb1852b1b22cad4038adc0a7f7ac468b341a94",
        "type": "github"
      },
      "original": {
        "owner": "divnix",
        "ref": "refs/pull/472/head",
        "repo": "digga",
        "type": "github"
      }
    },
    "flake-compat": {
      "flake": false,
      "locked": {
        "lastModified": 1668681692,
        "narHash": "sha256-Ht91NGdewz8IQLtWZ9LCeNXMSXHUss+9COoqu6JLmXU=",
        "owner": "edolstra",
        "repo": "flake-compat",
        "rev": "009399224d5e398d03b22badca40a37ac85412a1",
        "type": "github"
      },
      "original": {
        "owner": "edolstra",
        "repo": "flake-compat",
        "type": "github"
      }
    },
    "flake-compat_2": {
      "flake": false,
      "locked": {
        "lastModified": 1650374568,
        "narHash": "sha256-Z+s0J8/r907g149rllvwhb4pKi8Wam5ij0st8PwAh+E=",
        "owner": "edolstra",
        "repo": "flake-compat",
        "rev": "b4a34015c698c7793d592d66adbab377907a2be8",
        "type": "github"
      },
      "original": {
        "owner": "edolstra",
        "repo": "flake-compat",
        "type": "github"
      }
    },
    "flake-compat_3": {
      "flake": false,
      "locked": {
        "lastModified": 1668681692,
        "narHash": "sha256-Ht91NGdewz8IQLtWZ9LCeNXMSXHUss+9COoqu6JLmXU=",
        "owner": "edolstra",
        "repo": "flake-compat",
        "rev": "009399224d5e398d03b22badca40a37ac85412a1",
        "type": "github"
      },
      "original": {
        "owner": "edolstra",
        "repo": "flake-compat",
        "type": "github"
      }
    },
    "flake-utils": {
      "locked": {
        "lastModified": 1642700792,
        "narHash": "sha256-XqHrk7hFb+zBvRg6Ghl+AZDq03ov6OshJLiSWOoX5es=",
        "owner": "numtide",
        "repo": "flake-utils",
        "rev": "846b2ae0fc4cc943637d3d1def4454213e203cba",
        "type": "github"
      },
      "original": {
        "owner": "numtide",
        "repo": "flake-utils",
        "type": "github"
      }
    },
    "flake-utils-plus": {
      "inputs": {
        "flake-utils": "flake-utils_2"
      },
      "locked": {
        "lastModified": 1654029967,
        "narHash": "sha256-my3GQ3mQIw/1f6GPV1IhUZrcYQSWh0YJAMPNBjhXJDw=",
        "owner": "gytis-ivaskevicius",
        "repo": "flake-utils-plus",
        "rev": "6271cf3842ff9c8a9af9e3508c547f86bc77d199",
        "type": "github"
      },
      "original": {
        "owner": "gytis-ivaskevicius",
        "ref": "refs/pull/120/head",
        "repo": "flake-utils-plus",
        "type": "github"
      }
    },
    "flake-utils_2": {
      "locked": {
        "lastModified": 1644229661,
        "narHash": "sha256-1YdnJAsNy69bpcjuoKdOYQX0YxZBiCYZo4Twxerqv7k=",
        "owner": "numtide",
        "repo": "flake-utils",
        "rev": "3cecb5b042f7f209c56ffd8371b2711a290ec797",
        "type": "github"
      },
      "original": {
        "owner": "numtide",
        "repo": "flake-utils",
        "type": "github"
      }
    },
    "grub2-themes": {
      "inputs": {
        "nixpkgs": [
          "nixos"
        ]
      },
      "locked": {
        "lastModified": 1672900393,
        "narHash": "sha256-OZTRseA7tCniyae1kv+hkw1+6+i+EcKgN/4ukZXXO/Y=",
        "owner": "vinceliuice",
        "repo": "grub2-themes",
        "rev": "8a5ebe97faae34b99e458cf209cebebdcc10ee44",
        "type": "github"
      },
      "original": {
        "owner": "vinceliuice",
        "repo": "grub2-themes",
        "type": "github"
      }
    },
    "home": {
      "inputs": {
        "nixpkgs": [
          "nixos"
        ],
        "utils": "utils"
      },
      "locked": {
        "lastModified": 1673343300,
        "narHash": "sha256-5Xdj6kpXYMie0MlnGwqK5FaMdsedxvyuakWtyKB3zaQ=",
        "owner": "nix-community",
        "repo": "home-manager",
        "rev": "176e455371a8371586e8a3ff0d56ee9f3ca2324e",
        "type": "github"
      },
      "original": {
        "owner": "nix-community",
        "repo": "home-manager",
        "type": "github"
      }
    },
    "impermanence": {
      "locked": {
        "lastModified": 1668668915,
        "narHash": "sha256-QjY4ZZbs9shwO4LaLpvlU2bO9J1juYhO9NtV3nrbnYQ=",
        "owner": "nix-community",
        "repo": "impermanence",
        "rev": "5df9108b346f8a42021bf99e50de89c9caa251c3",
        "type": "github"
      },
      "original": {
        "owner": "nix-community",
        "repo": "impermanence",
        "type": "github"
      }
    },
    "latest": {
      "locked": {
        "lastModified": 1657356697,
        "narHash": "sha256-sT38tcx7m0Quz+Uj6jzx+yRa2+EVW2C3cE0FkROXUzQ=",
        "owner": "nixos",
        "repo": "nixpkgs",
        "rev": "87e7965bbcdbac3d103e3ed14ff04f719a4f7a58",
        "type": "github"
      },
      "original": {
        "owner": "nixos",
        "ref": "nixos-unstable",
        "repo": "nixpkgs",
        "type": "github"
      }
    },
    "nixos": {
      "locked": {
        "lastModified": 1673226411,
        "narHash": "sha256-b6cGb5Ln7Zy80YO66+cbTyGdjZKtkoqB/iIIhDX9gRA=",
        "owner": "nixos",
        "repo": "nixpkgs",
        "rev": "aa1d74709f5dac623adb4d48fdfb27cc2c92a4d4",
        "type": "github"
      },
      "original": {
        "owner": "nixos",
        "ref": "nixos-unstable",
        "repo": "nixpkgs",
        "type": "github"
      }
    },
    "nixos-cn": {
      "inputs": {
        "flake-utils": [
          "digga",
          "flake-utils-plus",
          "flake-utils"
        ],
        "nixpkgs": [
          "nixos"
        ]
      },
      "locked": {
        "lastModified": 1673315301,
        "narHash": "sha256-DHPto8rBYRkE1aCsL8FGDUOhzmofSAGshN1VX5fZjlo=",
        "owner": "nixos-cn",
        "repo": "flakes",
        "rev": "58e1fb8c144b23a98ec4025d7db7d230bae94238",
        "type": "github"
      },
      "original": {
        "owner": "nixos-cn",
        "repo": "flakes",
        "type": "github"
      }
    },
    "nixos-hardware": {
      "locked": {
        "lastModified": 1673336835,
        "narHash": "sha256-HMJ/Nt3+0MtgKfPfJSrC3/6yVAPQvZgv/7V9b49dG/c=",
        "owner": "nixos",
        "repo": "nixos-hardware",
        "rev": "df029cfefc7494b399966cbb6b4fd692fa294fa3",
        "type": "github"
      },
      "original": {
        "owner": "nixos",
        "repo": "nixos-hardware",
        "type": "github"
      }
    },
    "nixpkgs-stable": {
      "locked": {
        "lastModified": 1673100377,
        "narHash": "sha256-mT76pTd0YFxT6CwtPhDgHJhuIgLY+ZLSMiQpBufwMG4=",
        "owner": "NixOS",
        "repo": "nixpkgs",
        "rev": "9f11a2df77cb945c115ae2a65f53f38121597d73",
        "type": "github"
      },
      "original": {
        "owner": "NixOS",
        "ref": "release-22.11",
        "repo": "nixpkgs",
        "type": "github"
      }
    },
    "nixpkgs-unstable": {
      "locked": {
        "lastModified": 1657413868,
        "narHash": "sha256-qDC9kUZhGhoDtOzhd6kIMUQHRZNys6/xsJAWrJB+gqU=",
        "owner": "nixos",
        "repo": "nixpkgs",
        "rev": "7802f1b6479d6f04bea5cc94e8290ea61e210ecf",
        "type": "github"
      },
      "original": {
        "owner": "nixos",
        "ref": "nixpkgs-unstable",
        "repo": "nixpkgs",
        "type": "github"
      }
    },
    "nur": {
      "locked": {
        "lastModified": 1673341727,
        "narHash": "sha256-afaHspU2hFw7OV2ZX2lQaNWN3cfEpRCIQNdQOUhIMqE=",
        "owner": "nix-community",
        "repo": "NUR",
        "rev": "7f800f76accc1536d42b7b3a117681d6250b7262",
        "type": "github"
      },
      "original": {
        "owner": "nix-community",
        "repo": "NUR",
        "type": "github"
      }
    },
    "nvfetcher": {
      "inputs": {
        "flake-compat": [
          "flake-compat"
        ],
        "flake-utils": [
          "digga",
          "flake-utils-plus",
          "flake-utils"
        ],
        "nixpkgs": [
          "nixos"
        ]
      },
      "locked": {
        "lastModified": 1672979485,
        "narHash": "sha256-LrY0K1yya3nvRlGDc98wm68ozVj7E6a1EXXEr7eHp8E=",
        "owner": "berberman",
        "repo": "nvfetcher",
        "rev": "0a9ac5fd07b52467d81163b1f8c94c12e5c9aff9",
        "type": "github"
      },
      "original": {
        "owner": "berberman",
        "repo": "nvfetcher",
        "type": "github"
      }
    },
    "root": {
      "inputs": {
        "deploy": "deploy",
        "digga": "digga",
        "flake-compat": "flake-compat_3",
        "grub2-themes": "grub2-themes",
        "home": "home",
        "impermanence": "impermanence",
        "nixos": "nixos",
        "nixos-cn": "nixos-cn",
        "nixos-hardware": "nixos-hardware",
        "nur": "nur",
        "nvfetcher": "nvfetcher",
        "sops-nix": "sops-nix"
      }
    },
    "sops-nix": {
      "inputs": {
        "nixpkgs": [
          "nixos"
        ],
        "nixpkgs-stable": "nixpkgs-stable"
      },
      "locked": {
        "lastModified": 1673147300,
        "narHash": "sha256-gR9OEfTzWfL6vG0qkbn1TlBAOlg4LuW8xK/u0V41Ihc=",
        "owner": "Mic92",
        "repo": "sops-nix",
        "rev": "2253120d2a6147e57bafb5c689e086221df8032f",
        "type": "github"
      },
      "original": {
        "owner": "Mic92",
        "repo": "sops-nix",
        "type": "github"
      }
    },
    "utils": {
      "locked": {
        "lastModified": 1667395993,
        "narHash": "sha256-nuEHfE/LcWyuSWnS8t12N1wc105Qtau+/OdUAjtQ0rA=",
        "owner": "numtide",
        "repo": "flake-utils",
        "rev": "5aed5285a952e0b949eb3ba02c12fa4fcfef535f",
        "type": "github"
      },
      "original": {
        "owner": "numtide",
        "repo": "flake-utils",
        "type": "github"
      }
    }
  },
  "root": "root",
  "version": 7
}
